et-xmlfile==2.0.0 \
    --hash=sha256:7a91720bc756843502c3b7504c77b8fe44217c85c537d85037f0f536151b2caa \
    --hash=sha256:dab3f4764309081ce75662649be815c4c9081e88f0837825f90fd28317d4da54
    # via openpyxl
igraph==0.11.8 \
    --hash=sha256:09c609c5d6a844582a10085c18c1c15d14b2f9fd3be59fed3feaa4be091d671f \
    --hash=sha256:0ae9486a52da72d2ab634b92e17a969dc4e8e83303384329b903830ad67315e5 \
    --hash=sha256:178ef859135ac5075a7159e6826a546b7340cf45a01a928c2a0c24c32e3dfa63 \
    --hash=sha256:17d79bfb170b8c195fe6bacfa1c906817e8e812417c7e6a8e15f0bcf9b0775a8 \
    --hash=sha256:1c11127a58ac2fc8062dac9f20ef612aff1b09f5f9d3e90800c4817229d0a0bc \
    --hash=sha256:248831a6162130f16909c1f776cc246b48f692339ea4baca489cad4ed8dc0e13 \
    --hash=sha256:24c97ce9f40a358a8d6ff9c27fab0e4617068aaeeb5448247308c67519b91fa2 \
    --hash=sha256:35438d6d69a73288949a80f1eb84597e783486cd71a5cdf5862c0db7a7cbd5c5 \
    --hash=sha256:3a2afdb046b602fea71ca18aff6c72165de5002ec38d0dcf1275e34ecd0d9d02 \
    --hash=sha256:417b8375c1c9adbb431f7481a6cae6f9e440db81d8d4ee6fa5d2c2983148930a \
    --hash=sha256:434e35d935675caddac3221863b43a02085c7f66030eda542f0dd9fc36e1f8ff \
    --hash=sha256:511b036c876fdbfc919a6a4c72b0335fd2a6a3249e5e4312b660390213875afb \
    --hash=sha256:5bcad4d052785fe9b076f5aca6e870e2fae35373b09867477adc7307f2692a36 \
    --hash=sha256:6c17658b367be4f725a253678bfe799d9fe4d4e5c01ad82449cf8f2e9917937c \
    --hash=sha256:745e5d7aebca7e9c16f882041718c8ceeb404a5c7201cb8685f57b0e19ebe24d \
    --hash=sha256:7870fb72fd9e9218940262671fb79baf281ef066aa1cd35adc092ce9ad39a038 \
    --hash=sha256:7d7b1eaa3563c1e2dda940c1f154fefe9b3b257da8e8251af443cdc69a039480 \
    --hash=sha256:92c47ceb9f4c95ff7461cd94eaec55e901dbc59f6e51f4244d2dd064f31c5491 \
    --hash=sha256:9a7aa8e65e7b9ddfe66f9473ce93863f40fccac26b24dc3f56e63159641c9946 \
    --hash=sha256:9baf699fdd10491e9a0842e546e630165c49c78d21ac4aaa9fb434ab4a817458 \
    --hash=sha256:9e953e1c5e9c5712a48df5cea93963be84aa26618cdae341b4a6b07761f56a45 \
    --hash=sha256:a6559e2c925ed2ac608103adfd1dec9ccb9a04ddc7ad1d9d2a7db46dda6b1955 \
    --hash=sha256:a68ae7b6324e9c4cb1d04ce75b6e0f67974433fc7667895f1e25bf4f4c6fd530 \
    --hash=sha256:b546eaa9461473a65bb56a51672c6aeb898b737d5e86c3efa1b1bf520ee4b031 \
    --hash=sha256:c8108138ad605714761bc6d526feab54074904a99c47dcaabc269ed7b45e7650 \
    --hash=sha256:c89ab68f076528736d4ed56a01983d7fd433f50b08c58bee7ded2326a4eacda1 \
    --hash=sha256:c9b836baa221027f1781ebcff05f1b23339a51a63eb70948ebaba5641efc060a \
    --hash=sha256:caf4a178f7fb7890195c9fb358dbef0ed4a4f5323f529ea14a0f64da4c05f564 \
    --hash=sha256:cc93d2f97f93bf30c2027c31e9e1aa088a3c60cdfeb6b33e0259e4b40b4c5597 \
    --hash=sha256:d420cd48353e7c138bc39a118c3a01dc41aeba38486cca1524a960a755016171 \
    --hash=sha256:d4971b4fcb005ed72f630a5f4c9bb80f10153471fe30846810f63beb3e282a19 \
    --hash=sha256:d7dc1404567ba3b0ea1bf8b5fa6e101617915c8ad11ea5a9f925a40bf4adad7d \
    --hash=sha256:d964fc35d65ce67b121e4dcfd7d3479fb3eeb232b6a346a217e397c7d5c5f124 \
    --hash=sha256:e2e3abe641622cd9c95eb152c97caa22e68257a524cc1851a099b066f8f5c5f3 \
    --hash=sha256:e4e36a4f8a40bb4ffc8aa08c1cfe6fa3dfa78393cf65165bd9d59e6ac24a2468 \
    --hash=sha256:e702a436935d3e127f6affff397ebbab48b522434bd8d6f15cfb1ab5d940e7d5 \
    --hash=sha256:e9de09a26d7aae4d83338497cfd2d107d3ee3a2e9335b9db4b6c73a089e8cf47 \
    --hash=sha256:f0a8cad10406fba28c4b0199dfb491bcfdf1cdd3a56feeb52bb3b1cd724d04b4 \
    --hash=sha256:f4048b843be54a77bc7206ce8c58825a9b1b42748c1713699034dc4f7df36f73
    # via
    #   -r requirements-models.txt
    #   leidenalg
joblib==1.4.2 \
    --hash=sha256:06d478d5674cbc267e7496a410ee875abd68e4340feff4490bcb7afb88060ae6 \
    --hash=sha256:2382c5816b2636fbd20a09e0f4e9dad4736765fdfb7dca582943b9c1366b3f0e
    # via
    #   -c artifacts/dependency-tools/constraints.txt
    #   scikit-learn
leidenalg==0.10.2 \
    --hash=sha256:02355ee9315d4cd596d1c8355c2ecf7d0a35dcce9d07119eb95427d47c0e10fd \
    --hash=sha256:02d5cabb93bbdc185a96eb8269deb13dc2d78c2a3dac9abbb7572b09ad8b8e40 \
    --hash=sha256:04f9ff1236d397593609b8c8b0fc1c5d4a77753776fa716fbca5ea4ac1d7240d \
    --hash=sha256:051c4dc53e0b46d72376fe27ac9f4ccc9bcb97ca8bc26a00fb8deebaf3019723 \
    --hash=sha256:05f4596164840005a3e91b83bba28ede202ebcbd939c4f9182738d3c199bb6c9 \
    --hash=sha256:0f4147a92b59834a719bfce30d563ea107e570130a7be60adbc8b95757192e4c \
    --hash=sha256:205bf7541e6423bd44b764ebec74eb5765d05f8c47b1001c00b806484f25421a \
    --hash=sha256:342ce5b3ef61b965a695dc1ef5e053533645cdde1ab3fa738bc15f13d48e231d \
    --hash=sha256:45c4d4b04d37595f03d4a908d13b5edad14d6faac372a58c7a0bd083ea194d67 \
    --hash=sha256:497773e90cb24c4a235c46a8537403e56d4c8eda415980e55f18b7a7575add9a \
    --hash=sha256:4ec2940665fc59e71175fb445e25d11ef0ab7e26f4076b932571eec2e9d05857 \
    --hash=sha256:50f3ec7e89549396909751d475aeaa37b3f7124124ce2717e8816af506db1054 \
    --hash=sha256:53855aec52e4b88650b4b08b9705760982f0256e989add019f77b557cddaa144 \
    --hash=sha256:558f5e26dc1e6f96b91ce5a2eab80c6080673b84e78ab3517dacaa62fa7190bc \
    --hash=sha256:5870a2221a9f672c5fafcaf3cb533e9aed30a1a37d545cf8537153d559282b38 \
    --hash=sha256:5c4e059ed2b8fcee3648f3d2b68862ff6d752cda6e156d1847b3194417688fdf \
    --hash=sha256:5ca6f746f9ed81ae1b795570165ff4198a1b189f745c55f32323433438294130 \
    --hash=sha256:6027920a8b09fab4dd16af4363627f37d24b103adb4e167ee992e04bbdf71381 \
    --hash=sha256:66a73be26d85836bbec23131efde00e47bf7882b03e0a29856465fcac425aa27 \
    --hash=sha256:749441d8a763e3ed71fa622392cb2b3276215b9c69ed9eabd697c34bc7bd37e9 \
    --hash=sha256:7a9fd8d0cfc5cd32dd9b1aa835238090b077c2a12b84b78c9ed1cbcbe410dddb \
    --hash=sha256:8f290108a5cfa83e64d86f3216003f4acb77ff55ec4dfb6248b45fd7e5972005 \
    --hash=sha256:9963d9382dec486b0b00464a62e0e1ebcaf18248295e47d546eac32c7b0f0258 \
    --hash=sha256:9c2627b807e563984e2e9b44f42716849d8190e782e4f23eb83870750bc08c0d \
    --hash=sha256:ab11d9569d6bd76f27e00343deb5bd6d0efdbfa759ef612388162cef9d5ca949 \
    --hash=sha256:c3385462025acd6190ca5cb9df5b1dcf20995a048189a16a293dba2881f47cc0 \
    --hash=sha256:c8774bc9b7638b50ea69bcea0dfc55aa1ec88c3e57b0619c88462a6837f19d76 \
    --hash=sha256:e313841653f1a886ae0d6645927b630443535bc52180eb92612d0ad1e7830ff2 \
    --hash=sha256:e806c48a0ee8c532ed8a1a2e48036c7831097e0953e7697c4914d53c3d13c82d \
    --hash=sha256:e8e64af280f88ccbc605a1fbe75fd7ab323f28526e4b1934867d0072ce03dbb2 \
    --hash=sha256:f1f5b441bf8baa4f18b434da2ddad70e5a9099bcfb787ebee6596b41140df8bb \
    --hash=sha256:f24c35bfc5e53e389758490525dc15437eb0c27b90a0dc97bdff220bff2eaf55 \
    --hash=sha256:f6b4deb72c219d622bbcbf7a81151f680385d7f793f65c8e5a649580bedfcddd \
    --hash=sha256:fda77a141a353ec3ef1de5578868c5ed336612fcf32685cdf3d67569ce9ade39
    # via -r requirements-models.txt
networkx==3.4.2 \
    --hash=sha256:307c3669428c5362aab27c8a1260aa8f47c4e91d3891f48be0141738d8d053e1 \
    --hash=sha256:df5d4365b724cf81b8c6a7312509d0c22386097011ad1abe274afd5e9d3bbc5f
    # via -r requirements.txt
numpy==2.2.6 \
    --hash=sha256:038613e9fb8c72b0a41f025a7e4c3f0b7a1b5d768ece4796b674c8f3fe13efff \
    --hash=sha256:0678000bb9ac1475cd454c6b8c799206af8107e310843532b04d49649c717a47 \
    --hash=sha256:0811bb762109d9708cca4d0b13c4f67146e3c3b7cf8d34018c722adb2d957c84 \
    --hash=sha256:0b605b275d7bd0c640cad4e5d30fa701a8d59302e127e5f79138ad62762c3e3d \
    --hash=sha256:0bca768cd85ae743b2affdc762d617eddf3bcf8724435498a1e80132d04879e6 \
    --hash=sha256:1bc23a79bfabc5d056d106f9befb8d50c31ced2fbc70eedb8155aec74a45798f \
    --hash=sha256:287cc3162b6f01463ccd86be154f284d0893d2b3ed7292439ea97eafa8170e0b \
    --hash=sha256:37c0ca431f82cd5fa716eca9506aefcabc247fb27ba69c5062a6d3ade8cf8f49 \
    --hash=sha256:37e990a01ae6ec7fe7fa1c26c55ecb672dd98b19c3d0e1d1f326fa13cb38d163 \
    --hash=sha256:389d771b1623ec92636b0786bc4ae56abafad4a4c513d36a55dce14bd9ce8571 \
    --hash=sha256:3d70692235e759f260c3d837193090014aebdf026dfd167834bcba43e30c2a42 \
    --hash=sha256:41c5a21f4a04fa86436124d388f6ed60a9343a6f767fced1a8a71c3fbca038ff \
    --hash=sha256:481b49095335f8eed42e39e8041327c05b0f6f4780488f61286ed3c01368d491 \
    --hash=sha256:4eeaae00d789f66c7a25ac5f34b71a7035bb474e679f410e5e1a94deb24cf2d4 \
    --hash=sha256:55a4d33fa519660d69614a9fad433be87e5252f4b03850642f88993f7b2ca566 \
    --hash=sha256:5a6429d4be8ca66d889b7cf70f536a397dc45ba6faeb5f8c5427935d9592e9cf \
    --hash=sha256:5bd4fc3ac8926b3819797a7c0e2631eb889b4118a9898c84f585a54d475b7e40 \
    --hash=sha256:5beb72339d9d4fa36522fc63802f469b13cdbe4fdab4a288f0c441b74272ebfd \
    --hash=sha256:6031dd6dfecc0cf9f668681a37648373bddd6421fff6c66ec1624eed0180ee06 \
    --hash=sha256:71594f7c51a18e728451bb50cc60a3ce4e6538822731b2933209a1f3614e9282 \
    --hash=sha256:74d4531beb257d2c3f4b261bfb0fc09e0f9ebb8842d82a7b4209415896adc680 \
    --hash=sha256:7befc596a7dc9da8a337f79802ee8adb30a552a94f792b9c9d18c840055907db \
    --hash=sha256:894b3a42502226a1cac872f840030665f33326fc3dac8e57c607905773cdcde3 \
    --hash=sha256:8e41fd67c52b86603a91c1a505ebaef50b3314de0213461c7a6e99c9a3beff90 \
    --hash=sha256:8e9ace4a37db23421249ed236fdcdd457d671e25146786dfc96835cd951aa7c1 \
    --hash=sha256:8fc377d995680230e83241d8a96def29f204b5782f371c532579b4f20607a289 \
    --hash=sha256:9551a499bf125c1d4f9e250377c1ee2eddd02e01eac6644c080162c0c51778ab \
    --hash=sha256:b0544343a702fa80c95ad5d3d608ea3599dd54d4632df855e4c8d24eb6ecfa1c \
    --hash=sha256:b093dd74e50a8cba3e873868d9e93a85b78e0daf2e98c6797566ad8044e8363d \
    --hash=sha256:b412caa66f72040e6d268491a59f2c43bf03eb6c96dd8f0307829feb7fa2b6fb \
    --hash=sha256:b4f13750ce79751586ae2eb824ba7e1e8dba64784086c98cdbbcc6a42112ce0d \
    --hash=sha256:b64d8d4d17135e00c8e346e0a738deb17e754230d7e0810ac5012750bbd85a5a \
    --hash=sha256:ba10f8411898fc418a521833e014a77d3ca01c15b0c6cdcce6a0d2897e6dbbdf \
    --hash=sha256:bd48227a919f1bafbdda0583705e547892342c26fb127219d60a5c36882609d1 \
    --hash=sha256:c1f9540be57940698ed329904db803cf7a402f3fc200bfe599334c9bd84a40b2 \
    --hash=sha256:c820a93b0255bc360f53eca31a0e676fd1101f673dda8da93454a12e23fc5f7a \
    --hash=sha256:ce47521a4754c8f4593837384bd3424880629f718d87c5d44f8ed763edd63543 \
    --hash=sha256:d042d24c90c41b54fd506da306759e06e568864df8ec17ccc17e9e884634fd00 \
    --hash=sha256:de749064336d37e340f640b05f24e9e3dd678c57318c7289d222a8a2f543e90c \
    --hash=sha256:e1dda9c7e08dc141e0247a5b8f49cf05984955246a327d4c48bda16821947b2f \
    --hash=sha256:e29554e2bef54a90aa5cc07da6ce955accb83f21ab5de01a62c8478897b264fd \
    --hash=sha256:e3143e4451880bed956e706a3220b4e5cf6172ef05fcc397f6f36a550b1dd868 \
    --hash=sha256:e8213002e427c69c45a52bbd94163084025f533a55a59d6f9c5b820774ef3303 \
    --hash=sha256:efd28d4e9cd7d7a8d39074a4d44c63eda73401580c5c76acda2ce969e0a38e83 \
    --hash=sha256:f0fd6321b839904e15c46e0d257fdd101dd7f530fe03fd6359c1ea63738703f3 \
    --hash=sha256:f1372f041402e37e5e633e586f62aa53de2eac8d98cbfb822806ce4bbefcb74d \
    --hash=sha256:f2618db89be1b4e05f7a1a847a9c1c0abd63e63a1607d892dd54668dd92faf87 \
    --hash=sha256:f447e6acb680fd307f40d3da4852208af94afdfab89cf850986c3ca00562f4fa \
    --hash=sha256:f92729c95468a2f4f15e9bb94c432a9229d0d50de67304399627a943201baa2f \
    --hash=sha256:f9f1adb22318e121c5c69a09142811a201ef17ab257a1e66ca3025065b7f53ae \
    --hash=sha256:fc0c5673685c508a142ca65209b4e79ed6740a4ed6b2267dbba90f34b0b3cfda \
    --hash=sha256:fc7b73d02efb0e18c000e9ad8b83480dfcd5dfd11065997ed4c6747470ae8915 \
    --hash=sha256:fd83c01228a688733f1ded5201c678f0c53ecc1006ffbc404db9f7a899ac6249 \
    --hash=sha256:fe27749d33bb772c80dcd84ae7e8df2adc920ae8297400dabec45f0dedb3f6de \
    --hash=sha256:fee4236c876c4e8369388054d02d0e9bb84821feb1a64dd59e137e6511a551f8
    # via
    #   -r requirements.txt
    #   -r reports/competition-enhancement/synthetic/executed-20261009/provenance/requirements-reproduction.txt
    #   pandas
    #   ruptures
    #   scikit-learn
    #   scipy
openpyxl==3.1.5 \
    --hash=sha256:5282c12b107bffeef825f4617dc029afaf41d0ea60823bbb665ef3079dc79de2 \
    --hash=sha256:cf0e3cf56142039133628b5acffe8ef0c12bc902d2aadd3e0fe5878dc08d1050
    # via -r requirements.txt
pandas==2.2.3 \
    --hash=sha256:062309c1b9ea12a50e8ce661145c6aab431b1e99530d3cd60640e255778bd43a \
    --hash=sha256:15c0e1e02e93116177d29ff83e8b1619c93ddc9c49083f237d4312337a61165d \
    --hash=sha256:1948ddde24197a0f7add2bdc4ca83bf2b1ef84a1bc8ccffd95eda17fd836ecb5 \
    --hash=sha256:1db71525a1538b30142094edb9adc10be3f3e176748cd7acc2240c2f2e5aa3a4 \
    --hash=sha256:22a9d949bfc9a502d320aa04e5d02feab689d61da4e7764b62c30b991c42c5f0 \
    --hash=sha256:29401dbfa9ad77319367d36940cd8a0b3a11aba16063e39632d98b0e931ddf32 \
    --hash=sha256:31d0ced62d4ea3e231a9f228366919a5ea0b07440d9d4dac345376fd8e1477ea \
    --hash=sha256:3508d914817e153ad359d7e069d752cdd736a247c322d932eb89e6bc84217f28 \
    --hash=sha256:37e0aced3e8f539eccf2e099f65cdb9c8aa85109b0be6e93e2baff94264bdc6f \
    --hash=sha256:381175499d3802cde0eabbaf6324cce0c4f5d52ca6f8c377c29ad442f50f6348 \
    --hash=sha256:38cf8125c40dae9d5acc10fa66af8ea6fdf760b2714ee482ca691fc66e6fcb18 \
    --hash=sha256:3b71f27954685ee685317063bf13c7709a7ba74fc996b84fc6821c59b0f06468 \
    --hash=sha256:3fc6873a41186404dad67245896a6e440baacc92f5b716ccd1bc9ed2995ab2c5 \
    --hash=sha256:4850ba03528b6dd51d6c5d273c46f183f39a9baf3f0143e566b89450965b105e \
    --hash=sha256:4f18ba62b61d7e192368b84517265a99b4d7ee8912f8708660fb4a366cc82667 \
    --hash=sha256:56534ce0746a58afaf7942ba4863e0ef81c9c50d3f0ae93e9497d6a41a057645 \
    --hash=sha256:59ef3764d0fe818125a5097d2ae867ca3fa64df032331b7e0917cf5d7bf66b13 \
    --hash=sha256:5dbca4c1acd72e8eeef4753eeca07de9b1db4f398669d5994086f788a5d7cc30 \
    --hash=sha256:5de54125a92bb4d1c051c0659e6fcb75256bf799a732a87184e5ea503965bce3 \
    --hash=sha256:61c5ad4043f791b61dd4752191d9f07f0ae412515d59ba8f005832a532f8736d \
    --hash=sha256:6374c452ff3ec675a8f46fd9ab25c4ad0ba590b71cf0656f8b6daa5202bca3fb \
    --hash=sha256:63cc132e40a2e084cf01adf0775b15ac515ba905d7dcca47e9a251819c575ef3 \
    --hash=sha256:66108071e1b935240e74525006034333f98bcdb87ea116de573a6a0dccb6c039 \
    --hash=sha256:6dfcb5ee8d4d50c06a51c2fffa6cff6272098ad6540aed1a76d15fb9318194d8 \
    --hash=sha256:7c2875855b0ff77b2a64a0365e24455d9990730d6431b9e0ee18ad8acee13dbd \
    --hash=sha256:7eee9e7cea6adf3e3d24e304ac6b8300646e2a5d1cd3a3c2abed9101b0846761 \
    --hash=sha256:800250ecdadb6d9c78eae4990da62743b857b470883fa27f652db8bdde7f6659 \
    --hash=sha256:86976a1c5b25ae3f8ccae3a5306e443569ee3c3faf444dfd0f41cda24667ad57 \
    --hash=sha256:8cd6d7cc958a3910f934ea8dbdf17b2364827bb4dafc38ce6eef6bb3d65ff09c \
    --hash=sha256:99df71520d25fade9db7c1076ac94eb994f4d2673ef2aa2e86ee039b6746d20c \
    --hash=sha256:a5a1595fe639f5988ba6a8e5bc9649af3baf26df3998a0abe56c02609392e0a4 \
    --hash=sha256:ad5b65698ab28ed8d7f18790a0dc58005c7629f227be9ecc1072aa74c0c1d43a \
    --hash=sha256:b1d432e8d08679a40e2a6d8b2f9770a5c21793a6f9f47fdd52c5ce1948a5a8a9 \
    --hash=sha256:b8661b0238a69d7aafe156b7fa86c44b881387509653fdf857bebc5e4008ad42 \
    --hash=sha256:ba96630bc17c875161df3818780af30e43be9b166ce51c9a18c1feae342906c2 \
    --hash=sha256:bc6b93f9b966093cb0fd62ff1a7e4c09e6d546ad7c1de191767baffc57628f39 \
    --hash=sha256:c124333816c3a9b03fbeef3a9f230ba9a737e9e5bb4060aa2107a86cc0a497fc \
    --hash=sha256:cd8d0c3be0515c12fed0bdbae072551c8b54b7192c7b1fda0ba56059a0179698 \
    --hash=sha256:d9c45366def9a3dd85a6454c0e7908f2b3b8e9c138f5dc38fed7ce720d8453ed \
    --hash=sha256:f00d1345d84d8c86a63e476bb4955e46458b304b9575dcf71102b5c705320015 \
    --hash=sha256:f3a255b2c19987fbbe62a9dfd6cff7ff2aa9ccab3fc75218fd4b7530f01efa24 \
    --hash=sha256:fffb8ae78d8af97f849404f21411c95062db1496aeb3e56f146f0355c9989319
    # via
    #   -r requirements.txt
    #   -r reports/competition-enhancement/synthetic/executed-20261009/provenance/requirements-reproduction.txt
polars==1.35.2 \
    --hash=sha256:5e8057c8289ac148c793478323b726faea933d9776bd6b8a554b0ab7c03db87e \
    --hash=sha256:ae458b05ca6e7ca2c089342c70793f92f1103c502dc1b14b56f0a04f2cc1d205
    # via -r requirements.txt
polars-runtime-32==1.35.2 \
    --hash=sha256:3b9006902fc51b768ff747c0f74bd4ce04005ee8aeb290ce9c07ce1cbe1b58a9 \
    --hash=sha256:6861145aa321a44eda7cc6694fb7751cb7aa0f21026df51b5faa52e64f9dc39b \
    --hash=sha256:6e6e35733ec52abe54b7d30d245e6586b027d433315d20edfb4a5d162c79fe90 \
    --hash=sha256:85dda0994b5dff7f456bb2f4bbd22be9a9e5c5e28670e23fedb13601ec99a46d \
    --hash=sha256:ddc015fac39735592e2e7c834c02193ba4d257bb4c8c7478b9ebe440b0756b84 \
    --hash=sha256:e465d12a29e8df06ea78947e50bd361cdf77535cd904fd562666a8a9374e7e3a \
    --hash=sha256:ef2b029b78f64fb53f126654c0bfa654045c7546bd0de3009d08bd52d660e8cc
    # via polars
psutil==6.1.0 \
    --hash=sha256:000d1d1ebd634b4efb383f4034437384e44a6d455260aaee2eca1e9c1b55f047 \
    --hash=sha256:045f00a43c737f960d273a83973b2511430d61f283a44c96bf13a6e829ba8fdc \
    --hash=sha256:0895b8414afafc526712c498bd9de2b063deaac4021a3b3c34566283464aff8e \
    --hash=sha256:1209036fbd0421afde505a4879dee3b2fd7b1e14fee81c0069807adcbbcca747 \
    --hash=sha256:1ad45a1f5d0b608253b11508f80940985d1d0c8f6111b5cb637533a0e6ddc13e \
    --hash=sha256:353815f59a7f64cdaca1c0307ee13558a0512f6db064e92fe833784f08539c7a \
    --hash=sha256:498c6979f9c6637ebc3a73b3f87f9eb1ec24e1ce53a7c5173b8508981614a90b \
    --hash=sha256:5cd2bcdc75b452ba2e10f0e8ecc0b57b827dd5d7aaffbc6821b2a9a242823a76 \
    --hash=sha256:6d3fbbc8d23fcdcb500d2c9f94e07b1342df8ed71b948a2649b5cb060a7c94ca \
    --hash=sha256:6e2dcd475ce8b80522e51d923d10c7871e45f20918e027ab682f94f1c6351688 \
    --hash=sha256:9118f27452b70bb1d9ab3198c1f626c2499384935aaf55388211ad982611407e \
    --hash=sha256:9dcbfce5d89f1d1f2546a2090f4fcf87c7f669d1d90aacb7d7582addece9fb38 \
    --hash=sha256:a8506f6119cff7015678e2bce904a4da21025cc70ad283a53b099e7620061d85 \
    --hash=sha256:a8fb3752b491d246034fa4d279ff076501588ce8cbcdbb62c32fd7a377d996be \
    --hash=sha256:c0e0c00aa18ca2d3b2b991643b799a15fc8f0563d2ebb6040f64ce8dc027b942 \
    --hash=sha256:d905186d647b16755a800e7263d43df08b790d709d575105d419f8b6ef65423a \
    --hash=sha256:ff34df86226c0227c52f38b919213157588a678d049688eded74c76c8ba4a5d0
    # via
    #   -r requirements.txt
    #   -r reports/competition-enhancement/synthetic/executed-20261009/provenance/requirements-reproduction.txt
python-dateutil==2.9.0.post0 \
    --hash=sha256:37dd54208da7e1cd875388217d5e00ebd4179249f90fb72437e91a35459a0ad3 \
    --hash=sha256:a8b2bc7bffae282281c8140a97d3aa9c14da0b136dfe83f850eea9a5f7470427
    # via
    #   -c artifacts/dependency-tools/constraints.txt
    #   pandas
pytz==2024.2 \
    --hash=sha256:2aa355083c50a0f93fa581709deac0c9ad65cca8a9e9beac660adcbd493c798a \
    --hash=sha256:31c7c1817eb7fae7ca4b8c7ee50c72f93aa2dd863de768e1ef4245d426aa0725
    # via
    #   -c artifacts/dependency-tools/constraints.txt
    #   pandas
ruptures==1.1.10 \
    --hash=sha256:01fb8847a58cbb158103c1810022ea29e3fa3291d6531631bc6134f636ea2fc1 \
    --hash=sha256:0930cecc7ec1c9af0b1a7da6fb769d298691e077c6cba8daad6ebaef49ed8e80 \
    --hash=sha256:14860e1b1bbb439837320147dcd71ad31fc76a35988de94b5aa90bb0d22b1022 \
    --hash=sha256:14e3aa451220a05c6a7782a3b31fdd4fc578d39b77404dc94649bcae5eebd1db \
    --hash=sha256:171fe4f61044a0520e1cd4e429f69242570939700aa4990b3401bf9a8d61aebe \
    --hash=sha256:19a52a7e903239f5bf844a0d8d364d71f803e63403643094134978f9a796e2a9 \
    --hash=sha256:20ea4ce1e7503bef60aa879196343acea660905f85692c9612d1a1f787e21da6 \
    --hash=sha256:29038a863f52c026d950066a62d23719304273e2cef41159259422a055f04fc0 \
    --hash=sha256:39f3ece91327440fbebca84155b39435970ccc0f52bd3e33878aaff157d04e01 \
    --hash=sha256:4038c09d8148bde4c3689adc3570dd3728163326a0b7baa82474641b8276f53e \
    --hash=sha256:4be700aa3fee9057667062343a2fa728e25765f457ea54dac116fd2f4b7f49c9 \
    --hash=sha256:728ec63779ebb94341caaca70c57d01eb6a22cb98d7e3079935a73a43febcb30 \
    --hash=sha256:733adb020910dbcfc6fdbca7295db28295177a927a70002c7080f2a4bfbf1840 \
    --hash=sha256:76b998f10709045e91a5f44173dc574bf98a106fd3bf22ec3c63b298a02df031 \
    --hash=sha256:7a7f614c63f2cecd76d7b5f9f79ff34712234d274a41867428ace4a3a45757c8 \
    --hash=sha256:8810f3c9f71262fa5d4866ea0a8f2d0ea4e15a9d28d868c97043d260c8c87bc8 \
    --hash=sha256:9db0a66c9ae2a1dbb6ad494337f923712315114c9441ef6974e21933b76e26eb \
    --hash=sha256:a1452f5e88c456d63c099d992cca81b07738796ef0eb7ac212fcb440dedc84c8 \
    --hash=sha256:bd1d6452b8d83af44f92ba76a3c8b9a222eaf68191a74cfd586a62c2997e08fd \
    --hash=sha256:bfaf4dbf51ae74a4f8893ba36be98912cd4bd7f2a94a79a5ff0d2edca65c21f5 \
    --hash=sha256:d2dae4173db1ffab6cf1eead44825b360e354b3c37f7316b7a827dea6a34b577 \
    --hash=sha256:dff3801467f0ab7c257305fea1f676b55f16fc8c8e8bd8aafac366da52afa578 \
    --hash=sha256:e1a62f024d3714facca48e8859ba2602367af0c7ca1680cffded1cbff7cf264f \
    --hash=sha256:ef2f26424b267a3da46b05b6d78322249ab1325754c61cafd9580d4eef0011ea \
    --hash=sha256:fada68f6617e26138151a1ce6f73932e84ae01119e48be005773a40363454e51 \
    --hash=sha256:fea4d0049051530e73babc2f44e75e6ba520bb90fe5bfa60d59c4d054180893e
    # via -r requirements-temporal.txt
scikit-learn==1.5.2 \
    --hash=sha256:03b6158efa3faaf1feea3faa884c840ebd61b6484167c711548fce208ea09445 \
    --hash=sha256:178ddd0a5cb0044464fc1bfc4cca5b1833bfc7bb022d70b05db8530da4bb3dd3 \
    --hash=sha256:1ff45e26928d3b4eb767a8f14a9a6efbf1cbff7c05d1fb0f95f211a89fd4f5de \
    --hash=sha256:299406827fb9a4f862626d0fe6c122f5f87f8910b86fe5daa4c32dcd742139b6 \
    --hash=sha256:2d4cad1119c77930b235579ad0dc25e65c917e756fe80cab96aa3b9428bd3fb0 \
    --hash=sha256:394397841449853c2290a32050382edaec3da89e35b3e03d6cc966aebc6a8ae6 \
    --hash=sha256:3a686885a4b3818d9e62904d91b57fa757fc2bed3e465c8b177be652f4dd37c8 \
    --hash=sha256:3b923d119d65b7bd555c73be5423bf06c0105678ce7e1f558cb4b40b0a5502b1 \
    --hash=sha256:3bed4909ba187aca80580fe2ef370d9180dcf18e621a27c4cf2ef10d279a7efe \
    --hash=sha256:52788f48b5d8bca5c0736c175fa6bdaab2ef00a8f536cda698db61bd89c551c1 \
    --hash=sha256:57cc1786cfd6bd118220a92ede80270132aa353647684efa385a74244a41e3b1 \
    --hash=sha256:643964678f4b5fbdc95cbf8aec638acc7aa70f5f79ee2cdad1eec3df4ba6ead8 \
    --hash=sha256:6c16d84a0d45e4894832b3c4d0bf73050939e21b99b01b6fd59cbb0cf39163b6 \
    --hash=sha256:757c7d514ddb00ae249832fe87100d9c73c6ea91423802872d9e74970a0e40b9 \
    --hash=sha256:8c412ccc2ad9bf3755915e3908e677b367ebc8d010acbb3f182814524f2e5540 \
    --hash=sha256:b0768ad641981f5d3a198430a1d31c3e044ed2e8a6f22166b4d546a5116d7908 \
    --hash=sha256:b4237ed7b3fdd0a4882792e68ef2545d5baa50aca3bb45aa7df468138ad8f94d \
    --hash=sha256:b7b0f9a0b1040830d38c39b91b3a44e1b643f4b36e36567b80b7c6bd2202a27f \
    --hash=sha256:c15b1ca23d7c5f33cc2cb0a0d6aaacf893792271cddff0edbd6a40e8319bc113 \
    --hash=sha256:ca64b3089a6d9b9363cd3546f8978229dcbb737aceb2c12144ee3f70f95684b7 \
    --hash=sha256:e9a702e2de732bbb20d3bad29ebd77fc05a6b427dc49964300340e4c9328b3f5 \
    --hash=sha256:f60021ec1574e56632be2a36b946f8143bf4e5e6af4a06d85281adc22938e0dd \
    --hash=sha256:f7284ade780084d94505632241bf78c44ab3b6f1e8ccab3d2af58e0e950f9c12 \
    --hash=sha256:f763897fe92d0e903aa4847b0aec0e68cadfff77e8a0687cabd946c89d17e675 \
    --hash=sha256:f8b0ccd4a902836493e026c03256e8b206656f91fbcc4fde28c57a5b752561f1 \
    --hash=sha256:f932a02c3f4956dfb981391ab24bda1dbd90fe3d628e4b42caef3e041c67707a
    # via
    #   -r requirements.txt
    #   -r reports/competition-enhancement/synthetic/executed-20261009/provenance/requirements-reproduction.txt
scipy==1.14.1 \
    --hash=sha256:0c2f95de3b04e26f5f3ad5bb05e74ba7f68b837133a4492414b3afd79dfe540e \
    --hash=sha256:1729560c906963fc8389f6aac023739ff3983e727b1a4d87696b7bf108316a79 \
    --hash=sha256:278266012eb69f4a720827bdd2dc54b2271c97d84255b2faaa8f161a158c3b37 \
    --hash=sha256:2843f2d527d9eebec9a43e6b406fb7266f3af25a751aa91d62ff416f54170bc5 \
    --hash=sha256:2da0469a4ef0ecd3693761acbdc20f2fdeafb69e6819cc081308cc978153c675 \
    --hash=sha256:2ff0a7e01e422c15739ecd64432743cf7aae2b03f3084288f399affcefe5222d \
    --hash=sha256:2ff38e22128e6c03ff73b6bb0f85f897d2362f8c052e3b8ad00532198fbdae3f \
    --hash=sha256:30ac8812c1d2aab7131a79ba62933a2a76f582d5dbbc695192453dae67ad6310 \
    --hash=sha256:3a1b111fac6baec1c1d92f27e76511c9e7218f1695d61b59e05e0fe04dc59617 \
    --hash=sha256:4079b90df244709e675cdc8b93bfd8a395d59af40b72e339c2287c91860deb8e \
    --hash=sha256:5149e3fd2d686e42144a093b206aef01932a0059c2a33ddfa67f5f035bdfe13e \
    --hash=sha256:5a275584e726026a5699459aa72f828a610821006228e841b94275c4a7c08417 \
    --hash=sha256:631f07b3734d34aced009aaf6fedfd0eb3498a97e581c3b1e5f14a04164a456d \
    --hash=sha256:716e389b694c4bb564b4fc0c51bc84d381735e0d39d3f26ec1af2556ec6aad94 \
    --hash=sha256:8426251ad1e4ad903a4514712d2fa8fdd5382c978010d1c6f5f37ef286a713ad \
    --hash=sha256:8475230e55549ab3f207bff11ebfc91c805dc3463ef62eda3ccf593254524ce8 \
    --hash=sha256:8bddf15838ba768bb5f5083c1ea012d64c9a444e16192762bd858f1e126196d0 \
    --hash=sha256:8e32dced201274bf96899e6491d9ba3e9a5f6b336708656466ad0522d8528f69 \
    --hash=sha256:8f9ea80f2e65bdaa0b7627fb00cbeb2daf163caa015e59b7516395fe3bd1e066 \
    --hash=sha256:97c5dddd5932bd2a1a31c927ba5e1463a53b87ca96b5c9bdf5dfd6096e27efc3 \
    --hash=sha256:a49f6ed96f83966f576b33a44257d869756df6cf1ef4934f59dd58b25e0327e5 \
    --hash=sha256:af29a935803cc707ab2ed7791c44288a682f9c8107bc00f0eccc4f92c08d6e07 \
    --hash=sha256:b05d43735bb2f07d689f56f7b474788a13ed8adc484a85aa65c0fd931cf9ccd2 \
    --hash=sha256:b28d2ca4add7ac16ae8bb6632a3c86e4b9e4d52d3e34267f6e1b0c1f8d87e389 \
    --hash=sha256:b99722ea48b7ea25e8e015e8341ae74624f72e5f21fc2abd45f3a93266de4c5d \
    --hash=sha256:baff393942b550823bfce952bb62270ee17504d02a1801d7fd0719534dfb9c84 \
    --hash=sha256:c0ee987efa6737242745f347835da2cc5bb9f1b42996a4d97d5c7ff7928cb6f2 \
    --hash=sha256:d0d2821003174de06b69e58cef2316a6622b60ee613121199cb2852a873f8cf3 \
    --hash=sha256:e0cf28db0f24a38b2a0ca33a85a54852586e43cf6fd876365c86e0657cfe7d73 \
    --hash=sha256:e4f5a7c49323533f9103d4dacf4e4f07078f360743dec7f7596949149efeec06 \
    --hash=sha256:eb58ca0abd96911932f688528977858681a59d61a7ce908ffd355957f7025cfc \
    --hash=sha256:edaf02b82cd7639db00dbff629995ef185c8df4c3ffa71a5562a595765a06ce1 \
    --hash=sha256:fef8c87f8abfb884dac04e97824b61299880c43f4ce675dd2cbeadd3c9b466d2
    # via
    #   -r requirements.txt
    #   -r reports/competition-enhancement/synthetic/executed-20261009/provenance/requirements-reproduction.txt
    #   ruptures
    #   scikit-learn
six==1.17.0 \
    --hash=sha256:4721f391ed90541fddacab5acf947aa0d3dc7d27b2e1e8eda2be8970586c3274 \
    --hash=sha256:ff70335d468e7eb6ec65b95b99d3a2836546063f63acc5171de367e834932a81
    # via
    #   -c artifacts/dependency-tools/constraints.txt
    #   python-dateutil
texttable==1.7.0 \
    --hash=sha256:2d2068fb55115807d3ac77a4ca68fa48803e84ebb0ee2340f858107a36522638 \
    --hash=sha256:72227d592c82b3d7f672731ae73e4d1f88cd8e2ef5b075a7a7f01a23a3743917
    # via igraph
threadpoolctl==3.5.0 \
    --hash=sha256:082433502dd922bf738de0d8bcc4fdcbf0979ff44c42bd40f5af8a282f6fa107 \
    --hash=sha256:56c1e26c150397e58c4926da8eeee87533b1e32bef131bd4bf6a2f45f3185467
    # via
    #   -r reports/competition-enhancement/synthetic/executed-20261009/provenance/requirements-reproduction.txt
    #   scikit-learn
tzdata==2024.2 \
    --hash=sha256:7d85cc416e9382e69095b7bdf4afd9e3880418a2413feec7069d533d6b4e31cc \
    --hash=sha256:a48093786cdcde33cad18c2555e8532f34422074448fbc874186f0abd79565cd
    # via
    #   -c artifacts/dependency-tools/constraints.txt
    #   pandas
